// !$*UTF8*$!
{
	archiveVersion = 1;
	classes = {
	};
	objectVersion = 46;
	objects = {

/* Begin PBXBuildFile section */
		BC0380E61C1FA0E5003F78E8 /* AppDelegate.swift in Sources */ = {isa = PBXBuildFile; fileRef = BC0380E51C1FA0E5003F78E8 /* AppDelegate.swift */; };
		BC0380E81C1FA0E5003F78E8 /* ViewController.swift in Sources */ = {isa = PBXBuildFile; fileRef = BC0380E71C1FA0E5003F78E8 /* ViewController.swift */; };
		BC0380EB1C1FA0E5003F78E8 /* Main.storyboard in Resources */ = {isa = PBXBuildFile; fileRef = BC0380E91C1FA0E5003F78E8 /* Main.storyboard */; };
		BC0380ED1C1FA0E5003F78E8 /* Assets.xcassets in Resources */ = {isa = PBXBuildFile; fileRef = BC0380EC1C1FA0E5003F78E8 /* Assets.xcassets */; };
		BC0380F01C1FA0E5003F78E8 /* LaunchScreen.storyboard in Resources */ = {isa = PBXBuildFile; fileRef = BC0380EE1C1FA0E5003F78E8 /* LaunchScreen.storyboard */; };
		BC0380FB1C1FA0E5003F78E8 /* OnTheMapTests.swift in Sources */ = {isa = PBXBuildFile; fileRef = BC0380FA1C1FA0E5003F78E8 /* OnTheMapTests.swift */; };
/* End PBXBuildFile section */

/* Begin PBXContainerItemProxy section */
		BC0380F71C1FA0E5003F78E8 /* PBXContainerItemProxy */ = {
			isa = PBXContainerItemProxy;
			containerPortal = BC0380DA1C1FA0E5003F78E8 /* Project object */;
			proxyType = 1;
			remoteGlobalIDString = BC0380E11C1FA0E5003F78E8;
			remoteInfo = OnTheMap;
		};
/* End PBXContainerItemProxy section */

/* Begin PBXFileReference section */
		BC0380E21C1FA0E5003F78E8 /* OnTheMap.app */ = {isa = PBXFileReference; explicitFileType = wrapper.application; includeInIndex = 0; path = OnTheMap.app; sourceTree = BUILT_PRODUCTS_DIR; };
		BC0380E51C1FA0E5003F78E8 /* AppDelegate.swift */ = {isa = PBXFileReference; lastKnownFileType = sourcecode.swift; path = AppDelegate.swift; sourceTree = "<group>"; };
		BC0380E71C1FA0E5003F78E8 /* ViewController.swift */ = {isa = PBXFileReference; lastKnownFileType = sourcecode.swift; path = ViewController.swift; sourceTree = "<group>"; };
		BC0380EA1C1FA0E5003F78E8 /* Base */ = {isa = PBXFileReference; lastKnownFileType = file.storyboard; name = Base; path = Base.lproj/Main.storyboard; sourceTree = "<group>"; };
		BC0380EC1C1FA0E5003F78E8 /* Assets.xcassets */ = {isa = PBXFileReference; lastKnownFileType = folder.assetcatalog; path = Assets.xcassets; sourceTree = "<group>"; };
		BC0380EF1C1FA0E5003F78E8 /* Base */ = {isa = PBXFileReference; lastKnownFileType = file.storyboard; name = Base; path = Base.lproj/LaunchScreen.storyboard; sourceTree = "<group>"; };
		BC0380F11C1FA0E5003F78E8 /* Info.plist */ = {isa = PBXFileReference; lastKnownFileType = text.plist.xml; path = Info.plist; sourceTree = "<group>"; };
		BC0380F61C1FA0E5003F78E8 /* OnTheMapTests.xctest */ = {isa = PBXFileReference; explicitFileType = wrapper.cfbundle; includeInIndex = 0; path = OnTheMapTests.xctest; sourceTree = BUILT_PRODUCTS_DIR; };
		BC0380FA1C1FA0E5003F78E8 /* OnTheMapTests.swift */ = {isa = PBXFileReference; lastKnownFileType = sourcecode.swift; path = OnTheMapTests.swift; sourceTree = "<group>"; };
		BC0380FC1C1FA0E5003F78E8 /* Info.plist */ = {isa = PBXFileReference; lastKnownFileType = text.plist.xml; path = Info.plist; sourceTree = "<group>"; };
/* End PBXFileReference section */

/* Begin PBXFrameworksBuildPhase section */
		BC0380DF1C1FA0E5003F78E8 /* Frameworks */ = {
			isa = PBXFrameworksBuildPhase;
			buildActionMask = 2147483647;
			files = (
			);
			runOnlyForDeploymentPostprocessing = 0;
		};
		BC0380F31C1FA0E5003F78E8 /* Frameworks */ = {
			isa = PBXFrameworksBuildPhase;
			buildActionMask = 2147483647;
			files = (
			);
			runOnlyForDeploymentPostprocessing = 0;
		};
/* End PBXFrameworksBuildPhase section */

/* Begin PBXGroup section */
		BC0380D91C1FA0E5003F78E8 = {
			isa = PBXGroup;
			children = (
				BC0380E41C1FA0E5003F78E8 /* OnTheMap */,
				BC0380F91C1FA0E5003F78E8 /* OnTheMapTests */,
				BC0380E31C1FA0E5003F78E8 /* Products */,
			);
			sourceTree = "<group>";
		};
		BC0380E31C1FA0E5003F78E8 /* Products */ = {
			isa = PBXGroup;
			children = (
				BC0380E21C1FA0E5003F78E8 /* OnTheMap.app */,
				BC0380F61C1FA0E5003F78E8 /* OnTheMapTests.xctest */,
			);
			name = Products;
			sourceTree = "<group>";
		};
		BC0380E41C1FA0E5003F78E8 /* OnTheMap */ = {
			isa = PBXGroup;
			children = (
				BC0380E51C1FA0E5003F78E8 /* AppDelegate.swift */,
				BC0380E71C1FA0E5003F78E8 /* ViewController.swift */,
				BC0380E91C1FA0E5003F78E8 /* Main.storyboard */,
				BC0380EC1C1FA0E5003F78E8 /* Assets.xcassets */,
				BC0380EE1C1FA0E5003F78E8 /* LaunchScreen.storyboard */,
				BC0380F11C1FA0E5003F78E8 /* Info.plist */,
			);
			path = OnTheMap;
			sourceTree = "<group>";
		};
		BC0380F91C1FA0E5003F78E8 /* OnTheMapTests */ = {
			isa = PBXGroup;
			children = (
				BC0380FA1C1FA0E5003F78E8 /* OnTheMapTests.swift */,
				BC0380FC1C1FA0E5003F78E8 /* Info.plist */,
			);
			path = OnTheMapTests;
			sourceTree = "<group>";
		};
/* End PBXGroup section */

/* Begin PBXNativeTarget section */
		BC0380E11C1FA0E5003F78E8 /* OnTheMap */ = {
			isa = PBXNativeTarget;
			buildConfigurationList = BC0380FF1C1FA0E5003F78E8 /* Build configuration list for PBXNativeTarget "OnTheMap" */;
			buildPhases = (
				BC0380DE1C1FA0E5003F78E8 /* Sources */,
				BC0380DF1C1FA0E5003F78E8 /* Frameworks */,
				BC0380E01C1FA0E5003F78E8 /* Resources */,
			);
			buildRules = (
			);
			dependencies = (
			);
			name = OnTheMap;
			productName = OnTheMap;
			productReference = BC0380E21C1FA0E5003F78E8 /* OnTheMap.app */;
			productType = "com.apple.product-type.application";
		};
		BC0380F51C1FA0E5003F78E8 /* OnTheMapTests */ = {
			isa = PBXNativeTarget;
			buildConfigurationList = BC0381021C1FA0E5003F78E8 /* Build configuration list for PBXNativeTarget "OnTheMapTests" */;
			buildPhases = (
				BC0380F21C1FA0E5003F78E8 /* Sources */,
				BC0380F31C1FA0E5003F78E8 /* Frameworks */,
				BC0380F41C1FA0E5003F78E8 /* Resources */,
			);
			buildRules = (
			);
			dependencies = (
				BC0380F81C1FA0E5003F78E8 /* PBXTargetDependency */,
			);
			name = OnTheMapTests;
			productName = OnTheMapTests;
			productReference = BC0380F61C1FA0E5003F78E8 /* OnTheMapTests.xctest */;
			productType = "com.apple.product-type.bundle.unit-test";
		};
/* End PBXNativeTarget section */

/* Begin PBXProject section */
		BC0380DA1C1FA0E5003F78E8 /* Project object */ = {
			isa = PBXProject;
			attributes = {
				LastSwiftUpdateCheck = 0720;
				LastUpgradeCheck = 0720;
				ORGANIZATIONNAME = lupti;
				TargetAttributes = {
					BC0380E11C1FA0E5003F78E8 = {
						CreatedOnToolsVersion = 7.2;
						DevelopmentTeam = 6U5TEU8ZY4;
					};
					BC0380F51C1FA0E5003F78E8 = {
						CreatedOnToolsVersion = 7.2;
						DevelopmentTeam = 6U5TEU8ZY4;
						TestTargetID = BC0380E11C1FA0E5003F78E8;
					};
				};
			};
			buildConfigurationList = BC0380DD1C1FA0E5003F78E8 /* Build configuration list for PBXProject "OnTheMap" */;
			compatibilityVersion = "Xcode 3.2";
			developmentRegion = English;
			hasScannedForEncodings = 0;
			knownRegions = (
				en,
				Base,
			);
			mainGroup = BC0380D91C1FA0E5003F78E8;
			productRefGroup = BC0380E31C1FA0E5003F78E8 /* Products */;
			projectDirPath = "";
			projectRoot = "";
			targets = (
				BC0380E11C1FA0E5003F78E8 /* OnTheMap */,
				BC0380F51C1FA0E5003F78E8 /* OnTheMapTests */,
			);
		};
/* End PBXProject section */

/* Begin PBXResourcesBuildPhase section */
		BC0380E01C1FA0E5003F78E8 /* Resources */ = {
			isa = PBXResourcesBuildPhase;
			buildActionMask = 2147483647;
			files = (
				BC0380F01C1FA0E5003F78E8 /* LaunchScreen.storyboard in Resources */,
				BC0380ED1C1FA0E5003F78E8 /* Assets.xcassets in Resources */,
				BC0380EB1C1FA0E5003F78E8 /* Main.storyboard in Resources */,
			);
			runOnlyForDeploymentPostprocessing = 0;
		};
		BC0380F41C1FA0E5003F78E8 /* Resources */ = {
			isa = PBXResourcesBuildPhase;
			buildActionMask = 2147483647;
			files = (
			);
			runOnlyForDeploymentPostprocessing = 0;
		};
/* End PBXResourcesBuildPhase section */

/* Begin PBXSourcesBuildPhase section */
		BC0380DE1C1FA0E5003F78E8 /* Sources */ = {
			isa = PBXSourcesBuildPhase;
			buildActionMask = 2147483647;
			files = (
				BC0380E81C1FA0E5003F78E8 /* ViewController.swift in Sources */,
				BC0380E61C1FA0E5003F78E8 /* AppDelegate.swift in Sources */,
			);
			runOnlyForDeploymentPostprocessing = 0;
		};
		BC0380F21C1FA0E5003F78E8 /* Sources */ = {
			isa = PBXSourcesBuildPhase;
			buildActionMask = 2147483647;
			files = (
				BC0380FB1C1FA0E5003F78E8 /* OnTheMapTests.swift in Sources */,
			);
			runOnlyForDeploymentPostprocessing = 0;
		};
/* End PBXSourcesBuildPhase section */

/* Begin PBXTargetDependency section */
		BC0380F81C1FA0E5003F78E8 /* PBXTargetDependency */ = {
			isa = PBXTargetDependency;
			target = BC0380E11C1FA0E5003F78E8 /* OnTheMap */;
			targetProxy = BC0380F71C1FA0E5003F78E8 /* PBXContainerItemProxy */;
		};
/* End PBXTargetDependency section */

/* Begin PBXVariantGroup section */
		BC0380E91C1FA0E5003F78E8 /* Main.storyboard */ = {
			isa = PBXVariantGroup;
			children = (
				BC0380EA1C1FA0E5003F78E8 /* Base */,
			);
			name = Main.storyboard;
			sourceTree = "<group>";
		};
		BC0380EE1C1FA0E5003F78E8 /* LaunchScreen.storyboard */ = {
			isa = PBXVariantGroup;
			children = (
				BC0380EF1C1FA0E5003F78E8 /* Base */,
			);
			name = LaunchScreen.storyboard;
			sourceTree = "<group>";
		};
/* End PBXVariantGroup section */

/* Begin XCBuildConfiguration section */
		BC0380FD1C1FA0E5003F78E8 /* Debug */ = {
			isa = XCBuildConfiguration;
			buildSettings = {
				ALWAYS_SEARCH_USER_PATHS = NO;
				CLANG_CXX_LANGUAGE_STANDARD = "gnu++0x";
				CLANG_CXX_LIBRARY = "libc++";
				CLANG_ENABLE_MODULES = YES;
				CLANG_ENABLE_OBJC_ARC = YES;
				CLANG_WARN_BOOL_CONVERSION = YES;
				CLANG_WARN_CONSTANT_CONVERSION = YES;
				CLANG_WARN_DIRECT_OBJC_ISA_USAGE = YES_ERROR;
				CLANG_WARN_EMPTY_BODY = YES;
				CLANG_WARN_ENUM_CONVERSION = YES;
				CLANG_WARN_INT_CONVERSION = YES;
				CLANG_WARN_OBJC_ROOT_CLASS = YES_ERROR;
				CLANG_WARN_UNREACHABLE_CODE = YES;
				CLANG_WARN__DUPLICATE_METHOD_MATCH = YES;
				"CODE_SIGN_IDENTITY[sdk=iphoneos*]" = "iPhone Developer";
				COPY_PHASE_STRIP = NO;
				DEBUG_INFORMATION_FORMAT = dwarf;
				ENABLE_STRICT_OBJC_MSGSEND = YES;
				ENABLE_TESTABILITY = YES;
				GCC_C_LANGUAGE_STANDARD = gnu99;
				GCC_DYNAMIC_NO_PIC = NO;
				GCC_NO_COMMON_BLOCKS = YES;
				GCC_OPTIMIZATION_LEVEL = 0;
				GCC_PREPROCESSOR_DEFINITIONS = (
					"DEBUG=1",
					"$(inherited)",
				);
				GCC_WARN_64_TO_32_BIT_CONVERSION = YES;
				GCC_WARN_ABOUT_RETURN_TYPE = YES_ERROR;
				GCC_WARN_UNDECLARED_SELECTOR = YES;
				GCC_WARN_UNINITIALIZED_AUTOS = YES_AGGRESSIVE;
				GCC_WARN_UNUSED_FUNCTION = YES;
				GCC_WARN_UNUSED_VARIABLE = YES;
				IPHONEOS_DEPLOYMENT_TARGET = 9.2;
				MTL_ENABLE_DEBUG_INFO = YES;
				ONLY_ACTIVE_ARCH = YES;
				SDKROOT = iphoneos;
				SWIFT_OPTIMIZATION_LEVEL = "-Onone";
			};
			name = Debug;
		};
		BC0380FE1C1FA0E5003F78E8 /* Release */ = {
			isa = XCBuildConfiguration;
			buildSettings = {
				ALWAYS_SEARCH_USER_PATHS = NO;
				CLANG_CXX_LANGUAGE_STANDARD = "gnu++0x";
				CLANG_CXX_LIBRARY = "libc++";
				CLANG_ENABLE_MODULES = YES;
				CLANG_ENABLE_OBJC_ARC = YES;
				CLANG_WARN_BOOL_CONVERSION = YES;
				CLANG_WARN_CONSTANT_CONVERSION = YES;
				CLANG_WARN_DIRECT_OBJC_ISA_USAGE = YES_ERROR;
				CLANG_WARN_EMPTY_BODY = YES;
				CLANG_WARN_ENUM_CONVERSION = YES;
				CLANG_WARN_INT_CONVERSION = YES;
				CLANG_WARN_OBJC_ROOT_CLASS = YES_ERROR;
				CLANG_WARN_UNREACHABLE_CODE = YES;
				CLANG_WARN__DUPLICATE_METHOD_MATCH = YES;
				"CODE_SIGN_IDENTITY[sdk=iphoneos*]" = "iPhone Developer";
				COPY_PHASE_STRIP = NO;
				DEBUG_INFORMATION_FORMAT = "dwarf-with-dsym";
				ENABLE_NS_ASSERTIONS = NO;
				ENABLE_STRICT_OBJC_MSGSEND = YES;
				GCC_C_LANGUAGE_STANDARD = gnu99;
				GCC_NO_COMMON_BLOCKS = YES;
				GCC_WARN_64_TO_32_BIT_CONVERSION = YES;
				GCC_WARN_ABOUT_RETURN_TYPE = YES_ERROR;
				GCC_WARN_UNDECLARED_SELECTOR = YES;
				GCC_WARN_UNINITIALIZED_AUTOS = YES_AGGRESSIVE;
				GCC_WARN_UNUSED_FUNCTION = YES;
				GCC_WARN_UNUSED_VARIABLE = YES;
				IPHONEOS_DEPLOYMENT_TARGET = 9.2;
				MTL_ENABLE_DEBUG_INFO = NO;
				SDKROOT = iphoneos;
				VALIDATE_PRODUCT = YES;
			};
			name = Release;
		};
		BC0381001C1FA0E5003F78E8 /* Debug */ = {
			isa = XCBuildConfiguration;
			buildSettings = {
				ASSETCATALOG_COMPILER_APPICON_NAME = AppIcon;
				INFOPLIST_FILE = OnTheMap/Info.plist;
				LD_RUNPATH_SEARCH_PATHS = "$(inherited) @executable_path/Frameworks";
				PRODUCT_BUNDLE_IDENTIFIER = com.lupti.OnTheMap;
				PRODUCT_NAME = "$(TARGET_NAME)";
			};
			name = Debug;
		};
		BC0381011C1FA0E5003F78E8 /* Release */ = {
			isa = XCBuildConfiguration;
			buildSettings = {
				ASSETCATALOG_COMPILER_APPICON_NAME = AppIcon;
				INFOPLIST_FILE = OnTheMap/Info.plist;
				LD_RUNPATH_SEARCH_PATHS = "$(inherited) @executable_path/Frameworks";
				PRODUCT_BUNDLE_IDENTIFIER = com.lupti.OnTheMap;
				PRODUCT_NAME = "$(TARGET_NAME)";
			};
			name = Release;
		};
		BC0381031C1FA0E5003F78E8 /* Debug */ = {
			isa = XCBuildConfiguration;
			buildSettings = {
				BUNDLE_LOADER = "$(TEST_HOST)";
				INFOPLIST_FILE = OnTheMapTests/Info.plist;
				LD_RUNPATH_SEARCH_PATHS = "$(inherited) @executable_path/Frameworks @loader_path/Frameworks";
				PRODUCT_BUNDLE_IDENTIFIER = com.lupti.OnTheMapTests;
				PRODUCT_NAME = "$(TARGET_NAME)";
				TEST_HOST = "$(BUILT_PRODUCTS_DIR)/OnTheMap.app/OnTheMap";
			};
			name = Debug;
		};
		BC0381041C1FA0E5003F78E8 /* Release */ = {
			isa = XCBuildConfiguration;
			buildSettings = {
				BUNDLE_LOADER = "$(TEST_HOST)";
				INFOPLIST_FILE = OnTheMapTests/Info.plist;
				LD_RUNPATH_SEARCH_PATHS = "$(inherited) @executable_path/Frameworks @loader_path/Frameworks";
				PRODUCT_BUNDLE_IDENTIFIER = com.lupti.OnTheMapTests;
				PRODUCT_NAME = "$(TARGET_NAME)";
				TEST_HOST = "$(BUILT_PRODUCTS_DIR)/OnTheMap.app/OnTheMap";
			};
			name = Release;
		};
/* End XCBuildConfiguration section */

/* Begin XCConfigurationList section */
		BC0380DD1C1FA0E5003F78E8 /* Build configuration list for PBXProject "OnTheMap" */ = {
			isa = XCConfigurationList;
			buildConfigurations = (
				BC0380FD1C1FA0E5003F78E8 /* Debug */,
				BC0380FE1C1FA0E5003F78E8 /* Release */,
			);
			defaultConfigurationIsVisible = 0;
			defaultConfigurationName = Release;
		};
		BC0380FF1C1FA0E5003F78E8 /* Build configuration list for PBXNativeTarget "OnTheMap" */ = {
			isa = XCConfigurationList;
			buildConfigurations = (
				BC0381001C1FA0E5003F78E8 /* Debug */,
				BC0381011C1FA0E5003F78E8 /* Release */,
			);
			defaultConfigurationIsVisible = 0;
		};
		BC0381021C1FA0E5003F78E8 /* Build configuration list for PBXNativeTarget "OnTheMapTests" */ = {
			isa = XCConfigurationList;
			buildConfigurations = (
				BC0381031C1FA0E5003F78E8 /* Debug */,
				BC0381041C1FA0E5003F78E8 /* Release */,
			);
			defaultConfigurationIsVisible = 0;
		};
/* End XCConfigurationList section */
	};
	rootObject = BC0380DA1C1FA0E5003F78E8 /* Project object */;
}
